
Microsoft Visual Studio Solution File, Format Version 12.00
# Visual Studio 15
VisualStudioVersion = 15.0.27130.2027
MinimumVisualStudioVersion = 10.0.40219.1
Project("{FAE04EC0-301F-11D3-BF4B-00C04F79EFBC}") = "ConsoleApp2", "ConsoleApp2\ConsoleApp2.csproj", "{DA845730-A3F4-4C29-8D04-D77E66B82DC7}"
EndProject
Global
	GlobalSection(SolutionConfigurationPlatforms) = preSolution
		Debug|Any CPU = Debug|Any CPU
		Release|Any CPU = Release|Any CPU
	EndGlobalSection
	GlobalSection(ProjectConfigurationPlatforms) = postSolution
		{DA845730-A3F4-4C29-8D04-D77E66B82DC7}.Debug|Any CPU.ActiveCfg = Debug|Any CPU
		{DA845730-A3F4-4C29-8D04-D77E66B82DC7}.Debug|Any CPU.Build.0 = Debug|Any CPU
		{DA845730-A3F4-4C29-8D04-D77E66B82DC7}.Release|Any CPU.ActiveCfg = Release|Any CPU
		{DA845730-A3F4-4C29-8D04-D77E66B82DC7}.Release|Any CPU.Build.0 = Release|Any CPU
	EndGlobalSection
	GlobalSection(SolutionProperties) = preSolution
		HideSolutionNode = FALSE
	EndGlobalSection
	GlobalSection(ExtensibilityGlobals) = postSolution
		SolutionGuid = {E1FFE1BB-F635-447A-A496-2B4AAFDAD9FD}
	EndGlobalSection
EndGlobal
