
Microsoft Visual Studio Solution File, Format Version 12.00
# Visual Studio 15
VisualStudioVersion = 15.0.27130.2027
MinimumVisualStudioVersion = 10.0.40219.1
Project("{FAE04EC0-301F-11D3-BF4B-00C04F79EFBC}") = "exercicio8", "exercicio8\exercicio8.csproj", "{83CA768B-F449-465B-9301-1E8CA8FE3821}"
EndProject
Global
	GlobalSection(SolutionConfigurationPlatforms) = preSolution
		Debug|Any CPU = Debug|Any CPU
		Release|Any CPU = Release|Any CPU
	EndGlobalSection
	GlobalSection(ProjectConfigurationPlatforms) = postSolution
		{83CA768B-F449-465B-9301-1E8CA8FE3821}.Debug|Any CPU.ActiveCfg = Debug|Any CPU
		{83CA768B-F449-465B-9301-1E8CA8FE3821}.Debug|Any CPU.Build.0 = Debug|Any CPU
		{83CA768B-F449-465B-9301-1E8CA8FE3821}.Release|Any CPU.ActiveCfg = Release|Any CPU
		{83CA768B-F449-465B-9301-1E8CA8FE3821}.Release|Any CPU.Build.0 = Release|Any CPU
	EndGlobalSection
	GlobalSection(SolutionProperties) = preSolution
		HideSolutionNode = FALSE
	EndGlobalSection
	GlobalSection(ExtensibilityGlobals) = postSolution
		SolutionGuid = {CEA1B517-9A4B-480C-BA3D-81B9633F5F4C}
	EndGlobalSection
EndGlobal
